<?xml version="1.0" encoding="utf-8"?>
<Project ToolsVersion="4.0" xmlns="http://schemas.microsoft.com/developer/msbuild/2003">
  <ItemGroup>
    <Filter Include="Source Files">
      <UniqueIdentifier>{4FC737F1-C7A5-4376-A066-2A32D752A2FF}</UniqueIdentifier>
      <Extensions>cpp;c;cc;cxx;def;odl;idl;hpj;bat;asm;asmx</Extensions>
    </Filter>
    <Filter Include="Header Files">
      <UniqueIdentifier>{93995380-89BD-4b04-88EB-625FBE52EBFB}</UniqueIdentifier>
      <Extensions>h;hh;hpp;hxx;hm;inl;inc;ipp;xsd</Extensions>
    </Filter>
    <Filter Include="Resource Files">
      <UniqueIdentifier>{67DA6AB6-F800-4c08-8B7A-83BB121AAD01}</UniqueIdentifier>
      <Extensions>rc;ico;cur;bmp;dlg;rc2;rct;bin;rgs;gif;jpg;jpeg;jpe;resx;tiff;tif;png;wav;mfcribbon-ms</Extensions>
    </Filter>
    <Filter Include="Header Files\Codec">
      <UniqueIdentifier>{099559b7-186f-4e29-b5c5-3b5b29f73e80}</UniqueIdentifier>
    </Filter>
    <Filter Include="Source Files\Codec">
      <UniqueIdentifier>{29ade190-5e30-4780-87b7-4dd19b1ee9d7}</UniqueIdentifier>
    </Filter>
    <Filter Include="data">
      <UniqueIdentifier>{9ed8ff49-3ea7-4572-b9b9-b7205d3f1426}</UniqueIdentifier>
    </Filter>
  </ItemGroup>
  <ItemGroup>
    <ClCompile Include="ShaderLoader.cpp">
      <Filter>Source Files</Filter>
    </ClCompile>
    <ClCompile Include="Sprite.cpp">
      <Filter>Source Files</Filter>
    </ClCompile>
    <ClCompile Include="SpriteManager.cpp">
      <Filter>Source Files</Filter>
    </ClCompile>
    <ClCompile Include="Decoder.cpp">
      <Filter>Source Files\Codec</Filter>
    </ClCompile>
    <ClCompile Include="Coder.cpp">
      <Filter>Source Files\Codec</Filter>
    </ClCompile>
    <ClCompile Include="Background.cpp">
      <Filter>Source Files</Filter>
    </ClCompile>
    <ClCompile Include="OBC_Player.cpp">
      <Filter>Source Files</Filter>
    </ClCompile>
  </ItemGroup>
  <ItemGroup>
    <None Include="VertexShader.glsl">
      <Filter>Resource Files</Filter>
    </None>
    <None Include="FragmentShader.glsl">
      <Filter>Resource Files</Filter>
    </None>
    <None Include="packages.config" />
    <None Include="SpriteShader.glsl">
      <Filter>Resource Files</Filter>
    </None>
    <None Include="test_video.16kc">
      <Filter>data</Filter>
    </None>
  </ItemGroup>
  <ItemGroup>
    <ClInclude Include="ShaderLoader.h">
      <Filter>Header Files</Filter>
    </ClInclude>
    <ClInclude Include="Sprite.h">
      <Filter>Header Files</Filter>
    </ClInclude>
    <ClInclude Include="SpriteManager.h">
      <Filter>Header Files</Filter>
    </ClInclude>
    <ClInclude Include="Decoder.h">
      <Filter>Header Files\Codec</Filter>
    </ClInclude>
    <ClInclude Include="Coder.h">
      <Filter>Header Files\Codec</Filter>
    </ClInclude>
    <ClInclude Include="CodecUtils.h">
      <Filter>Header Files\Codec</Filter>
    </ClInclude>
    <ClInclude Include="Background.h">
      <Filter>Header Files</Filter>
    </ClInclude>
    <ClInclude Include="OBC_Player.h">
      <Filter>Header Files</Filter>
    </ClInclude>
  </ItemGroup>
  <ItemGroup>
    <Image Include="texture_atlas_0.jpg">
      <Filter>data</Filter>
    </Image>
    <Image Include="texture_atlas_1.jpg">
      <Filter>data</Filter>
    </Image>
    <Image Include="texture_atlas_2.jpg">
      <Filter>data</Filter>
    </Image>
    <Image Include="texture_atlas_3.jpg">
      <Filter>data</Filter>
    </Image>
    <Image Include="texture_atlas_4.jpg">
      <Filter>data</Filter>
    </Image>
    <Image Include="texture_atlas_5.jpg">
      <Filter>data</Filter>
    </Image>
    <Image Include="texture_atlas_6.jpg">
      <Filter>data</Filter>
    </Image>
    <Image Include="texture_atlas_7.jpg">
      <Filter>data</Filter>
    </Image>
    <Image Include="texture_atlas_8.jpg">
      <Filter>data</Filter>
    </Image>
    <Image Include="texture_atlas_9.jpg">
      <Filter>data</Filter>
    </Image>
    <Image Include="texture_atlas_10.jpg">
      <Filter>data</Filter>
    </Image>
    <Image Include="texture_atlas_11.jpg">
      <Filter>data</Filter>
    </Image>
    <Image Include="texture_atlas_12.jpg">
      <Filter>data</Filter>
    </Image>
    <Image Include="texture_atlas_13.jpg">
      <Filter>data</Filter>
    </Image>
    <Image Include="texture_atlas_14.jpg">
      <Filter>data</Filter>
    </Image>
    <Image Include="texture_atlas_15.jpg">
      <Filter>data</Filter>
    </Image>
  </ItemGroup>
</Project>